
Microsoft Visual Studio Solution File, Format Version 12.00
# Visual Studio 2013
VisualStudioVersion = 12.0.30723.0
MinimumVisualStudioVersion = 10.0.40219.1
Project("{8BC9CEB8-8B4A-11D0-8D11-00A0C91BC942}") = "blackscholes_host_vs2013", "blackscholes_host_vs2013.vcxproj", "{840714BA-22C9-4886-81A5-11791429B885}"
EndProject
Project("{8BC9CEB8-8B4A-11D0-8D11-00A0C91BC942}") = "blackscholes_device_vs2013", "blackscholes_device_vs2013.vcxproj", "{3B4C8317-FAE1-4127-9B99-4EAEE771EBCA}"
EndProject
Global
	GlobalSection(SolutionConfigurationPlatforms) = preSolution
		Debug|Win32 = Debug|Win32
		Debug|x64 = Debug|x64
		Release|Win32 = Release|Win32
		Release|x64 = Release|x64
	EndGlobalSection
	GlobalSection(ProjectConfigurationPlatforms) = postSolution
		{840714BA-22C9-4886-81A5-11791429B885}.Debug|Win32.ActiveCfg = Debug|Win32
		{840714BA-22C9-4886-81A5-11791429B885}.Debug|Win32.Build.0 = Debug|Win32
		{840714BA-22C9-4886-81A5-11791429B885}.Debug|x64.ActiveCfg = Debug|x64
		{840714BA-22C9-4886-81A5-11791429B885}.Debug|x64.Build.0 = Debug|x64
		{840714BA-22C9-4886-81A5-11791429B885}.Release|Win32.ActiveCfg = Release|Win32
		{840714BA-22C9-4886-81A5-11791429B885}.Release|Win32.Build.0 = Release|Win32
		{840714BA-22C9-4886-81A5-11791429B885}.Release|x64.ActiveCfg = Release|x64
		{840714BA-22C9-4886-81A5-11791429B885}.Release|x64.Build.0 = Release|x64
		{3B4C8317-FAE1-4127-9B99-4EAEE771EBCA}.Debug|Win32.ActiveCfg = Debug|Win32
		{3B4C8317-FAE1-4127-9B99-4EAEE771EBCA}.Debug|Win32.Build.0 = Debug|Win32
		{3B4C8317-FAE1-4127-9B99-4EAEE771EBCA}.Debug|x64.ActiveCfg = Debug|x64
		{3B4C8317-FAE1-4127-9B99-4EAEE771EBCA}.Debug|x64.Build.0 = Debug|x64
		{3B4C8317-FAE1-4127-9B99-4EAEE771EBCA}.Release|Win32.ActiveCfg = Release|Win32
		{3B4C8317-FAE1-4127-9B99-4EAEE771EBCA}.Release|Win32.Build.0 = Release|Win32
		{3B4C8317-FAE1-4127-9B99-4EAEE771EBCA}.Release|x64.ActiveCfg = Release|x64
		{3B4C8317-FAE1-4127-9B99-4EAEE771EBCA}.Release|x64.Build.0 = Release|x64
	EndGlobalSection
	GlobalSection(SolutionProperties) = preSolution
		HideSolutionNode = FALSE
	EndGlobalSection
EndGlobal
